
Microsoft Visual Studio Solution File, Format Version 11.00
# Visual Studio 2010
Project("{FAE04EC0-301F-11D3-BF4B-00C04F79EFBC}") = "Aggro", "Aggro\Aggro.csproj", "{62E38647-C665-454A-A54D-ED024542E028}"
EndProject
Project("{FAE04EC0-301F-11D3-BF4B-00C04F79EFBC}") = "Extensions", "Extensions\Extensions.csproj", "{47C5CD19-0291-4F8E-9B59-6CDCEB074E47}"
EndProject
Project("{FAE04EC0-301F-11D3-BF4B-00C04F79EFBC}") = "Aggro.Engine", "Aggro.Engine\Aggro.Engine.csproj", "{9B054BC6-EF2D-42C5-B59C-802AB30AAAA3}"
EndProject
Global
	GlobalSection(SolutionConfigurationPlatforms) = preSolution
		Debug|Any CPU = Debug|Any CPU
		Release|Any CPU = Release|Any CPU
	EndGlobalSection
	GlobalSection(ProjectConfigurationPlatforms) = postSolution
		{62E38647-C665-454A-A54D-ED024542E028}.Debug|Any CPU.ActiveCfg = Debug|Any CPU
		{62E38647-C665-454A-A54D-ED024542E028}.Debug|Any CPU.Build.0 = Debug|Any CPU
		{62E38647-C665-454A-A54D-ED024542E028}.Release|Any CPU.ActiveCfg = Release|Any CPU
		{62E38647-C665-454A-A54D-ED024542E028}.Release|Any CPU.Build.0 = Release|Any CPU
		{47C5CD19-0291-4F8E-9B59-6CDCEB074E47}.Debug|Any CPU.ActiveCfg = Debug|Any CPU
		{47C5CD19-0291-4F8E-9B59-6CDCEB074E47}.Debug|Any CPU.Build.0 = Debug|Any CPU
		{47C5CD19-0291-4F8E-9B59-6CDCEB074E47}.Release|Any CPU.ActiveCfg = Release|Any CPU
		{47C5CD19-0291-4F8E-9B59-6CDCEB074E47}.Release|Any CPU.Build.0 = Release|Any CPU
		{9B054BC6-EF2D-42C5-B59C-802AB30AAAA3}.Debug|Any CPU.ActiveCfg = Debug|Any CPU
		{9B054BC6-EF2D-42C5-B59C-802AB30AAAA3}.Debug|Any CPU.Build.0 = Debug|Any CPU
		{9B054BC6-EF2D-42C5-B59C-802AB30AAAA3}.Release|Any CPU.ActiveCfg = Release|Any CPU
		{9B054BC6-EF2D-42C5-B59C-802AB30AAAA3}.Release|Any CPU.Build.0 = Release|Any CPU
	EndGlobalSection
	GlobalSection(SolutionProperties) = preSolution
		HideSolutionNode = FALSE
	EndGlobalSection
EndGlobal
